{
  "version": 4,
  "terraform_version": "1.12.2",
  "serial": 5,
  "lineage": "0c1c9817-3c7a-b630-e0a4-e7a95b765748",
  "outputs": {},
  "resources": [
    {
      "mode": "managed",
      "type": "github_repository",
      "name": "infrastructure",
      "provider": "provider[\"registry.terraform.io/integrations/github\"]",
      "instances": [
        {
          "schema_version": 1,
          "attributes": {
            "allow_auto_merge": false,
            "allow_merge_commit": true,
            "allow_rebase_merge": true,
            "allow_squash_merge": true,
            "allow_update_branch": false,
            "archive_on_destroy": null,
            "archived": false,
            "auto_init": null,
            "default_branch": "main",
            "delete_branch_on_merge": false,
            "description": "",
            "etag": "W/\"8dd1263463000f6f550969539c29d31b6b72521e899f741f1bb34d36cab0889e\"",
            "full_name": "terragit-edpl/learn-tf-infrastructure",
            "git_clone_url": "git://github.com/terragit-edpl/learn-tf-infrastructure.git",
            "gitignore_template": null,
            "has_discussions": false,
            "has_downloads": false,
            "has_issues": false,
            "has_projects": false,
            "has_wiki": false,
            "homepage_url": "",
            "html_url": "https://github.com/terragit-edpl/learn-tf-infrastructure",
            "http_clone_url": "https://github.com/terragit-edpl/learn-tf-infrastructure.git",
            "id": "learn-tf-infrastructure",
            "ignore_vulnerability_alerts_during_read": null,
            "is_template": false,
            "license_template": null,
            "merge_commit_message": "PR_TITLE",
            "merge_commit_title": "MERGE_MESSAGE",
            "name": "learn-tf-infrastructure",
            "node_id": "R_kgDOPc6YQA",
            "pages": [],
            "primary_language": "",
            "private": false,
            "repo_id": 1036949568,
            "security_and_analysis": [
              {
                "advanced_security": [],
                "secret_scanning": [
                  {
                    "status": "disabled"
                  }
                ],
                "secret_scanning_push_protection": [
                  {
                    "status": "disabled"
                  }
                ]
              }
            ],
            "squash_merge_commit_message": "COMMIT_MESSAGES",
            "squash_merge_commit_title": "COMMIT_OR_PR_TITLE",
            "ssh_clone_url": "git@github.com:terragit-edpl/learn-tf-infrastructure.git",
            "svn_url": "https://github.com/terragit-edpl/learn-tf-infrastructure",
            "template": [],
            "topics": [],
            "visibility": "public",
            "vulnerability_alerts": true,
            "web_commit_signoff_required": false
          },
          "sensitive_attributes": [],
          "identity_schema_version": 0,
          "private": "eyJzY2hlbWFfdmVyc2lvbiI6IjEifQ=="
        }
      ]
    }
  ],
  "check_results": null
}
